
Microsoft Visual Studio Solution File, Format Version 12.00
# Visual Studio Version 17
VisualStudioVersion = 17.11.35312.102
MinimumVisualStudioVersion = 10.0.40219.1
Project("{FAE04EC0-301F-11D3-BF4B-00C04F79EFBC}") = "FINALS SIR ARTAJO", "FINALS SIR ARTAJO.csproj", "{EB30F0B1-EE2C-4677-A0F3-38A979536AFE}"
EndProject
Global
	GlobalSection(SolutionConfigurationPlatforms) = preSolution
		Debug|Any CPU = Debug|Any CPU
		Release|Any CPU = Release|Any CPU
	EndGlobalSection
	GlobalSection(ProjectConfigurationPlatforms) = postSolution
		{EB30F0B1-EE2C-4677-A0F3-38A979536AFE}.Debug|Any CPU.ActiveCfg = Debug|Any CPU
		{EB30F0B1-EE2C-4677-A0F3-38A979536AFE}.Debug|Any CPU.Build.0 = Debug|Any CPU
		{EB30F0B1-EE2C-4677-A0F3-38A979536AFE}.Release|Any CPU.ActiveCfg = Release|Any CPU
		{EB30F0B1-EE2C-4677-A0F3-38A979536AFE}.Release|Any CPU.Build.0 = Release|Any CPU
	EndGlobalSection
	GlobalSection(SolutionProperties) = preSolution
		HideSolutionNode = FALSE
	EndGlobalSection
	GlobalSection(ExtensibilityGlobals) = postSolution
		SolutionGuid = {A2C66EA9-A490-4E78-848D-99AE96E3BA68}
	EndGlobalSection
EndGlobal
